<?xml version="1.0" encoding="utf-8"?>
<Project ToolsVersion="4.0" xmlns="http://schemas.microsoft.com/developer/msbuild/2003">
  <ItemGroup>
    <Filter Include="Source Files">
      <UniqueIdentifier>{4FC737F1-C7A5-4376-A066-2A32D752A2FF}</UniqueIdentifier>
      <Extensions>cpp;c;cc;cxx;c++;cppm;ixx;def;odl;idl;hpj;bat;asm;asmx</Extensions>
    </Filter>
    <Filter Include="Header Files">
      <UniqueIdentifier>{93995380-89BD-4b04-88EB-625FBE52EBFB}</UniqueIdentifier>
      <Extensions>h;hh;hpp;hxx;h++;hm;inl;inc;ipp;xsd</Extensions>
    </Filter>
    <Filter Include="Resource Files">
      <UniqueIdentifier>{67DA6AB6-F800-4c08-8B7A-83BB121AAD01}</UniqueIdentifier>
      <Extensions>rc;ico;cur;bmp;dlg;rc2;rct;bin;rgs;gif;jpg;jpeg;jpe;resx;tiff;tif;png;wav;mfcribbon-ms</Extensions>
    </Filter>
    <Filter Include="Shader">
      <UniqueIdentifier>{a19e721f-33b6-4705-a568-0d9e8a9ba5e4}</UniqueIdentifier>
    </Filter>
    <Filter Include="Dxerr Setting">
      <UniqueIdentifier>{b32e6fb1-9f2b-4f97-a209-677d24bd6e3d}</UniqueIdentifier>
    </Filter>
    <Filter Include="macros">
      <UniqueIdentifier>{ce01911e-43ab-4c75-adbe-70e9be60f567}</UniqueIdentifier>
    </Filter>
    <Filter Include="Header Files\Application">
      <UniqueIdentifier>{11320447-434c-44f8-815c-e830f0779d17}</UniqueIdentifier>
    </Filter>
    <Filter Include="Header Files\Graphics">
      <UniqueIdentifier>{ed424555-a77a-451d-8f74-e40a096c4efa}</UniqueIdentifier>
    </Filter>
    <Filter Include="Header Files\Graphics\Drawable">
      <UniqueIdentifier>{0733799e-0e28-49ab-8a53-dc44fee732cb}</UniqueIdentifier>
    </Filter>
    <Filter Include="Header Files\Graphics\Bindable">
      <UniqueIdentifier>{cccad62d-bd45-40c2-a880-02d418814bf6}</UniqueIdentifier>
    </Filter>
    <Filter Include="Source Files\Graphics">
      <UniqueIdentifier>{05385696-8e25-4b41-b7a2-da19d3581ee8}</UniqueIdentifier>
    </Filter>
    <Filter Include="Source Files\Graphics\Drawabble">
      <UniqueIdentifier>{8b790111-7300-498d-bbd6-c0ae34571dde}</UniqueIdentifier>
    </Filter>
    <Filter Include="Source Files\Graphics\Bindable">
      <UniqueIdentifier>{035eb5a3-50e2-4b84-b1c0-22c8fb4f93c5}</UniqueIdentifier>
    </Filter>
    <Filter Include="Header Files\imgui">
      <UniqueIdentifier>{2ed469bc-3728-4527-b926-7d437beb8798}</UniqueIdentifier>
    </Filter>
    <Filter Include="Source Files\Application">
      <UniqueIdentifier>{6aeb0e31-b19d-4167-8042-91e889a057e9}</UniqueIdentifier>
    </Filter>
    <Filter Include="Header Files\Graphics\Object">
      <UniqueIdentifier>{15ffa6e6-43dd-48b2-95e6-b320fc217094}</UniqueIdentifier>
    </Filter>
    <Filter Include="Source Files\Graphics\Object">
      <UniqueIdentifier>{085bf53d-3564-4ee9-a170-18e6d8748e22}</UniqueIdentifier>
    </Filter>
    <Filter Include="Header Files\Json">
      <UniqueIdentifier>{67bd6d2f-247e-4cab-9e8c-904403edc076}</UniqueIdentifier>
    </Filter>
    <Filter Include="Header Files\Graphics\JobSystem">
      <UniqueIdentifier>{4be5f345-231f-406f-9722-43a530c0b07e}</UniqueIdentifier>
    </Filter>
    <Filter Include="Header Files\Graphics\DynamicDataSystem">
      <UniqueIdentifier>{bae83135-aa90-49b0-9e9a-ef4e3c294193}</UniqueIdentifier>
    </Filter>
    <Filter Include="Source Files\Graphics\DynamicDataSystem">
      <UniqueIdentifier>{63474778-4244-4c2a-a289-551e6f618dba}</UniqueIdentifier>
    </Filter>
    <Filter Include="Source Files\Graphics\JobSystem">
      <UniqueIdentifier>{333d7962-ab0d-4acc-87b4-35434c225a86}</UniqueIdentifier>
    </Filter>
  </ItemGroup>
  <ItemGroup>
    <ClCompile Include="SYS_CLASS_App.cpp">
      <Filter>Source Files\Application</Filter>
    </ClCompile>
    <ClCompile Include="SYS_CLASS_DXgiInfoManager.cpp">
      <Filter>Source Files\Application</Filter>
    </ClCompile>
    <ClCompile Include="SYS_CLASS_Graphics.cpp">
      <Filter>Source Files\Application</Filter>
    </ClCompile>
    <ClCompile Include="SYS_CLASS_IO_Keyboard.cpp">
      <Filter>Source Files\Application</Filter>
    </ClCompile>
    <ClCompile Include="SYS_CLASS_IO_Mouse.cpp">
      <Filter>Source Files\Application</Filter>
    </ClCompile>
    <ClCompile Include="SYS_CLASS_MFException.cpp">
      <Filter>Source Files\Application</Filter>
    </ClCompile>
    <ClCompile Include="SYS_CLASS_Timer.cpp">
      <Filter>Source Files\Application</Filter>
    </ClCompile>
    <ClCompile Include="SYS_CLASS_Window.cpp">
      <Filter>Source Files\Application</Filter>
    </ClCompile>
    <ClCompile Include="SYS_MAIN_Loop.cpp">
      <Filter>Source Files\Application</Filter>
    </ClCompile>
    <ClCompile Include="SYS_SET_Dxerr.cpp">
      <Filter>Source Files\Application</Filter>
    </ClCompile>
    <ClCompile Include="GRAPHICS_BUF_IndexBuffer.cpp">
      <Filter>Source Files\Graphics\Bindable</Filter>
    </ClCompile>
    <ClCompile Include="GRAPHICS_BUF_TransformCBuffer.cpp">
      <Filter>Source Files\Graphics\Bindable</Filter>
    </ClCompile>
    <ClCompile Include="GRAPHICS_BUF_VertextBuffer.cpp">
      <Filter>Source Files\Graphics\Bindable</Filter>
    </ClCompile>
    <ClCompile Include="GRAPHICS_OBJ_Bindable.cpp">
      <Filter>Source Files\Graphics\Bindable</Filter>
    </ClCompile>
    <ClCompile Include="GRAPHICS_OBJ_Drawable.cpp">
      <Filter>Source Files\Graphics\Drawabble</Filter>
    </ClCompile>
    <ClCompile Include="GRAPHICS_OBJ_PixelShader.cpp">
      <Filter>Source Files\Graphics\Bindable</Filter>
    </ClCompile>
    <ClCompile Include="GRAPHICS_OBJ_Topology.cpp">
      <Filter>Source Files\Graphics\Bindable</Filter>
    </ClCompile>
    <ClCompile Include="GRAPHICS_OBJ_VertexShader.cpp">
      <Filter>Source Files\Graphics\Bindable</Filter>
    </ClCompile>
    <ClCompile Include="GRAPHICS_OBJ_Texture.cpp">
      <Filter>Source Files\Graphics\Bindable</Filter>
    </ClCompile>
    <ClCompile Include="GRAPHICS_OBJ_Sampler.cpp">
      <Filter>Source Files\Graphics\Bindable</Filter>
    </ClCompile>
    <ClCompile Include="imgui\imgui.cpp">
      <Filter>Header Files\imgui</Filter>
    </ClCompile>
    <ClCompile Include="imgui\imgui_demo.cpp">
      <Filter>Header Files\imgui</Filter>
    </ClCompile>
    <ClCompile Include="imgui\imgui_draw.cpp">
      <Filter>Header Files\imgui</Filter>
    </ClCompile>
    <ClCompile Include="imgui\imgui_impl_dx11.cpp">
      <Filter>Header Files\imgui</Filter>
    </ClCompile>
    <ClCompile Include="imgui\imgui_impl_win32.cpp">
      <Filter>Header Files\imgui</Filter>
    </ClCompile>
    <ClCompile Include="imgui\imgui_widgets.cpp">
      <Filter>Header Files\imgui</Filter>
    </ClCompile>
    <ClCompile Include="SYS_CLASS_ImguiManager.cpp">
      <Filter>Source Files\Application</Filter>
    </ClCompile>
    <ClCompile Include="GRAPHICS_OBJ_SolidSphere.cpp">
      <Filter>Source Files\Graphics\Drawabble</Filter>
    </ClCompile>
    <ClCompile Include="GRAPHICS_OBJ_Mesh.cpp">
      <Filter>Source Files\Graphics\Drawabble</Filter>
    </ClCompile>
    <ClCompile Include="GRAPHICS_OBJ_InputLayout.cpp">
      <Filter>Source Files\Graphics\Bindable</Filter>
    </ClCompile>
    <ClCompile Include="TestPlane.cpp">
      <Filter>Source Files\Graphics\Drawabble</Filter>
    </ClCompile>
    <ClCompile Include="GRAPHICS_BUF_TransformCBufferPS.cpp">
      <Filter>Source Files\Graphics\Bindable</Filter>
    </ClCompile>
    <ClCompile Include="GRAPHICS_HELP_MatrixTranslator.cpp">
      <Filter>Source Files\Graphics</Filter>
    </ClCompile>
    <ClCompile Include="GRAPHICS_HELP_TexturePreprocessor.cpp">
      <Filter>Source Files\Graphics</Filter>
    </ClCompile>
    <ClCompile Include="GRAPHICS_LGT_PointLight.cpp">
      <Filter>Source Files\Graphics\Object</Filter>
    </ClCompile>
    <ClCompile Include="GRAPHICS_OBJ_Camera.cpp">
      <Filter>Source Files\Graphics\Object</Filter>
    </ClCompile>
    <ClCompile Include="GRAPHICS_OBJ_Surface.cpp">
      <Filter>Source Files\Graphics\Object</Filter>
    </ClCompile>
    <ClCompile Include="GRAPHICS_OBJ_Blender.cpp">
      <Filter>Source Files\Graphics\Bindable</Filter>
    </ClCompile>
    <ClCompile Include="GRAPHICS_OBJ_Rasterizer.cpp">
      <Filter>Source Files\Graphics\Bindable</Filter>
    </ClCompile>
    <ClCompile Include="SYS_HELP_Utility.cpp">
      <Filter>Source Files\Application</Filter>
    </ClCompile>
    <ClCompile Include="SYS_CLASS_ScriptCommander.cpp">
      <Filter>Source Files\Application</Filter>
    </ClCompile>
    <ClCompile Include="Testing.cpp">
      <Filter>Source Files\Graphics</Filter>
    </ClCompile>
    <ClCompile Include="TestCube.cpp">
      <Filter>Source Files\Graphics\Drawabble</Filter>
    </ClCompile>
    <ClCompile Include="GRAPHICS_OBJ_DynamicConstant.cpp">
      <Filter>Source Files\Graphics\DynamicDataSystem</Filter>
    </ClCompile>
    <ClCompile Include="GRAPHICS_OBJ_DynamicVertex.cpp">
      <Filter>Source Files\Graphics\DynamicDataSystem</Filter>
    </ClCompile>
    <ClCompile Include="GRAPHICS_OBJ_LayoutPool.cpp">
      <Filter>Source Files\Graphics\DynamicDataSystem</Filter>
    </ClCompile>
    <ClCompile Include="GRAPHICS_JOB_Technique.cpp">
      <Filter>Source Files\Graphics\JobSystem</Filter>
    </ClCompile>
    <ClCompile Include="GRAPHICS_JOB_Step.cpp">
      <Filter>Source Files\Graphics\JobSystem</Filter>
    </ClCompile>
    <ClCompile Include="GRAPHICS_OBJ_NullPixelShader.cpp">
      <Filter>Source Files\Graphics\Bindable</Filter>
    </ClCompile>
    <ClCompile Include="GRAPHICS_JOB_Job.cpp">
      <Filter>Source Files\Graphics\JobSystem</Filter>
    </ClCompile>
  </ItemGroup>
  <ItemGroup>
    <ClInclude Include="SYS_SET_Dxerr.h">
      <Filter>Dxerr Setting</Filter>
    </ClInclude>
    <ClInclude Include="SYS_SET_GraphicsThrowMacros.h">
      <Filter>macros</Filter>
    </ClInclude>
    <ClInclude Include="SYS_SET_WindowsThrowMacros.h">
      <Filter>macros</Filter>
    </ClInclude>
    <ClInclude Include="SYS_CLASS_App.h">
      <Filter>Header Files\Application</Filter>
    </ClInclude>
    <ClInclude Include="SYS_CLASS_DXgiInfoManager.h">
      <Filter>Header Files\Application</Filter>
    </ClInclude>
    <ClInclude Include="SYS_CLASS_Graphics.h">
      <Filter>Header Files\Application</Filter>
    </ClInclude>
    <ClInclude Include="SYS_CLASS_IO_Keyboard.h">
      <Filter>Header Files\Application</Filter>
    </ClInclude>
    <ClInclude Include="SYS_CLASS_IO_Mouse.h">
      <Filter>Header Files\Application</Filter>
    </ClInclude>
    <ClInclude Include="SYS_CLASS_MFException.h">
      <Filter>Header Files\Application</Filter>
    </ClInclude>
    <ClInclude Include="SYS_CLASS_Timer.h">
      <Filter>Header Files\Application</Filter>
    </ClInclude>
    <ClInclude Include="SYS_CLASS_Window.h">
      <Filter>Header Files\Application</Filter>
    </ClInclude>
    <ClInclude Include="SYS_SET_Config.h">
      <Filter>Header Files\Application</Filter>
    </ClInclude>
    <ClInclude Include="SYS_SET_FilterWinH.h">
      <Filter>Header Files\Application</Filter>
    </ClInclude>
    <ClInclude Include="SYS_SET_resource.h">
      <Filter>Header Files\Application</Filter>
    </ClInclude>
    <ClInclude Include="GRAPHICS_OBJ_Drawable.h">
      <Filter>Header Files\Graphics\Drawable</Filter>
    </ClInclude>
    <ClInclude Include="GRAPHICS_OBJ_VertexShader.h">
      <Filter>Header Files\Graphics\Bindable</Filter>
    </ClInclude>
    <ClInclude Include="GRAPHICS_BUF_ConstantBuffers.h">
      <Filter>Header Files\Graphics\Bindable</Filter>
    </ClInclude>
    <ClInclude Include="GRAPHICS_BUF_IndexBuffer.h">
      <Filter>Header Files\Graphics\Bindable</Filter>
    </ClInclude>
    <ClInclude Include="GRAPHICS_BUF_TransformCBuffer.h">
      <Filter>Header Files\Graphics\Bindable</Filter>
    </ClInclude>
    <ClInclude Include="GRAPHICS_BUF_VertexBuffer.h">
      <Filter>Header Files\Graphics\Bindable</Filter>
    </ClInclude>
    <ClInclude Include="GRAPHICS_OBJ_Bindable.h">
      <Filter>Header Files\Graphics\Bindable</Filter>
    </ClInclude>
    <ClInclude Include="GRAPHICS_OBJ_InputLayout.h">
      <Filter>Header Files\Graphics\Bindable</Filter>
    </ClInclude>
    <ClInclude Include="GRAPHICS_OBJ_PixelShader.h">
      <Filter>Header Files\Graphics\Bindable</Filter>
    </ClInclude>
    <ClInclude Include="GRAPHICS_OBJ_Topology.h">
      <Filter>Header Files\Graphics\Bindable</Filter>
    </ClInclude>
    <ClInclude Include="GRAPHICS_OBJ_Sphere.h">
      <Filter>Header Files\Graphics\Drawable</Filter>
    </ClInclude>
    <ClInclude Include="SYS_SET_Math.h">
      <Filter>Header Files\Application</Filter>
    </ClInclude>
    <ClInclude Include="GRAPHICS_OBJ_Texture.h">
      <Filter>Header Files\Graphics\Bindable</Filter>
    </ClInclude>
    <ClInclude Include="GRAPHICS_OBJ_Sampler.h">
      <Filter>Header Files\Graphics\Bindable</Filter>
    </ClInclude>
    <ClInclude Include="imgui\imconfig.h">
      <Filter>Header Files\imgui</Filter>
    </ClInclude>
    <ClInclude Include="imgui\imgui.h">
      <Filter>Header Files\imgui</Filter>
    </ClInclude>
    <ClInclude Include="imgui\imgui_impl_dx11.h">
      <Filter>Header Files\imgui</Filter>
    </ClInclude>
    <ClInclude Include="imgui\imgui_impl_win32.h">
      <Filter>Header Files\imgui</Filter>
    </ClInclude>
    <ClInclude Include="imgui\imgui_internal.h">
      <Filter>Header Files\imgui</Filter>
    </ClInclude>
    <ClInclude Include="imgui\imstb_rectpack.h">
      <Filter>Header Files\imgui</Filter>
    </ClInclude>
    <ClInclude Include="imgui\imstb_textedit.h">
      <Filter>Header Files\imgui</Filter>
    </ClInclude>
    <ClInclude Include="imgui\imstb_truetype.h">
      <Filter>Header Files\imgui</Filter>
    </ClInclude>
    <ClInclude Include="SYS_CLASS_ImguiManager.h">
      <Filter>Header Files\Application</Filter>
    </ClInclude>
    <ClInclude Include="GRAPHICS_OBJ_SolidSphere.h">
      <Filter>Header Files\Graphics\Drawable</Filter>
    </ClInclude>
    <ClInclude Include="GRAPHICS_SET_Color.h">
      <Filter>Header Files\Graphics</Filter>
    </ClInclude>
    <ClInclude Include="SYS_SET_ConditionalNoexcept.h">
      <Filter>Header Files\Application</Filter>
    </ClInclude>
    <ClInclude Include="GRAPHICS_OBJ_Mesh.h">
      <Filter>Header Files\Graphics\Drawable</Filter>
    </ClInclude>
    <ClInclude Include="GRAPHICS_SET_BindableCommon.h">
      <Filter>Header Files\Graphics\Bindable</Filter>
    </ClInclude>
    <ClInclude Include="GRAPHICS_OBJ_BindablePool.h">
      <Filter>Header Files\Graphics\Bindable</Filter>
    </ClInclude>
    <ClInclude Include="Plane.h">
      <Filter>Header Files\Graphics\Drawable</Filter>
    </ClInclude>
    <ClInclude Include="TestPlane.h">
      <Filter>Header Files\Graphics\Drawable</Filter>
    </ClInclude>
    <ClInclude Include="GRAPHICS_BUF_TransformCBufferPS.h">
      <Filter>Header Files\Graphics\Bindable</Filter>
    </ClInclude>
    <ClInclude Include="GRAPHICS_HELP_NormalMapTwerker.h">
      <Filter>Header Files\Graphics</Filter>
    </ClInclude>
    <ClInclude Include="GRAPHICS_HELP_MatrixTranslator.h">
      <Filter>Header Files\Graphics</Filter>
    </ClInclude>
    <ClInclude Include="GRAPHICS_HELP_TexturePreprocessor.h">
      <Filter>Header Files\Graphics</Filter>
    </ClInclude>
    <ClInclude Include="GRAPHICS_LGT_PointLight.h">
      <Filter>Header Files\Graphics\Object</Filter>
    </ClInclude>
    <ClInclude Include="GRAPHICS_OBJ_Camera.h">
      <Filter>Header Files\Graphics\Object</Filter>
    </ClInclude>
    <ClInclude Include="GRAPHICS_OBJ_Surface.h">
      <Filter>Header Files\Graphics\Object</Filter>
    </ClInclude>
    <ClInclude Include="GRAPHICS_OBJ_Blender.h">
      <Filter>Header Files\Graphics\Bindable</Filter>
    </ClInclude>
    <ClInclude Include="GRAPHICS_OBJ_Rasterizer.h">
      <Filter>Header Files\Graphics\Bindable</Filter>
    </ClInclude>
    <ClInclude Include="SYS_HELP_Utility.h">
      <Filter>Header Files\Application</Filter>
    </ClInclude>
    <ClInclude Include="json.hpp">
      <Filter>Header Files\Json</Filter>
    </ClInclude>
    <ClInclude Include="SYS_CLASS_ScriptCommander.h">
      <Filter>Header Files\Application</Filter>
    </ClInclude>
    <ClInclude Include="GRAPHICS_BUF_ConstantBuffersEx.h">
      <Filter>Header Files\Graphics\Bindable</Filter>
    </ClInclude>
    <ClInclude Include="Testing.h">
      <Filter>Header Files\Graphics</Filter>
    </ClInclude>
    <ClInclude Include="TestCube.h">
      <Filter>Header Files\Graphics\Drawable</Filter>
    </ClInclude>
    <ClInclude Include="GRAPHICS_OBJ_IndexedTriangleList.h">
      <Filter>Header Files\Graphics\Drawable</Filter>
    </ClInclude>
    <ClInclude Include="GRAPHICS_OBJ_Cube.h">
      <Filter>Header Files\Graphics\Drawable</Filter>
    </ClInclude>
    <ClInclude Include="GRAPHICS_OBJ_Stencil.h">
      <Filter>Header Files\Graphics\Object</Filter>
    </ClInclude>
    <ClInclude Include="GRAPHICS_OBJ_DynamicConstant.h">
      <Filter>Header Files\Graphics\DynamicDataSystem</Filter>
    </ClInclude>
    <ClInclude Include="GRAPHICS_OBJ_DynamicVertex.h">
      <Filter>Header Files\Graphics\DynamicDataSystem</Filter>
    </ClInclude>
    <ClInclude Include="GRAPHICS_OBJ_LayoutPool.h">
      <Filter>Header Files\Graphics\DynamicDataSystem</Filter>
    </ClInclude>
    <ClInclude Include="GRAPHICS_JOB_Technique.h">
      <Filter>Header Files\Graphics\JobSystem</Filter>
    </ClInclude>
    <ClInclude Include="GRAPHICS_JOB_Step.h">
      <Filter>Header Files\Graphics\JobSystem</Filter>
    </ClInclude>
    <ClInclude Include="GRAPHICS_JOB_Pass.h">
      <Filter>Header Files\Graphics\JobSystem</Filter>
    </ClInclude>
    <ClInclude Include="GRAPHICS_JOB_Job.h">
      <Filter>Header Files\Graphics\JobSystem</Filter>
    </ClInclude>
    <ClInclude Include="GRAPHICS_OBJ_NullPixelShader.h">
      <Filter>Header Files\Graphics\Bindable</Filter>
    </ClInclude>
    <ClInclude Include="GRAPHICS_JOB_FrameCommander.h">
      <Filter>Header Files\Graphics\JobSystem</Filter>
    </ClInclude>
  </ItemGroup>
  <ItemGroup>
    <ResourceCompile Include="DX11 3D Game Engine.rc">
      <Filter>Resource Files</Filter>
    </ResourceCompile>
  </ItemGroup>
  <ItemGroup>
    <Image Include="C:\Users\gymf1\Downloads\logo.ico">
      <Filter>Resource Files</Filter>
    </Image>
  </ItemGroup>
  <ItemGroup>
    <None Include="SYS_SET_DXTrace.inl">
      <Filter>Dxerr Setting</Filter>
    </None>
    <None Include="SYS_SET_DXGetErrorString.inl">
      <Filter>Dxerr Setting</Filter>
    </None>
    <None Include="SYS_SET_DXGetErrorDescription.inl">
      <Filter>Dxerr Setting</Filter>
    </None>
    <None Include="packages.config" />
  </ItemGroup>
  <ItemGroup>
    <FxCompile Include="ColorIndexPS.hlsl">
      <Filter>Shader</Filter>
    </FxCompile>
    <FxCompile Include="ColorBlendVS.hlsl">
      <Filter>Shader</Filter>
    </FxCompile>
    <FxCompile Include="ColorBlendPS.hlsl">
      <Filter>Shader</Filter>
    </FxCompile>
    <FxCompile Include="ColorIndexVS.hlsl">
      <Filter>Shader</Filter>
    </FxCompile>
    <FxCompile Include="TextureVS.hlsl">
      <Filter>Shader</Filter>
    </FxCompile>
    <FxCompile Include="TexturePS.hlsl">
      <Filter>Shader</Filter>
    </FxCompile>
    <FxCompile Include="PhongPS.hlsl">
      <Filter>Shader</Filter>
    </FxCompile>
    <FxCompile Include="PhongVS.hlsl">
      <Filter>Shader</Filter>
    </FxCompile>
    <FxCompile Include="SolidPS.hlsl">
      <Filter>Shader</Filter>
    </FxCompile>
    <FxCompile Include="SolidVS.hlsl">
      <Filter>Shader</Filter>
    </FxCompile>
    <FxCompile Include="PhongPSSpecMap.hlsl">
      <Filter>Shader</Filter>
    </FxCompile>
    <FxCompile Include="PhongPSNormalMap.hlsl">
      <Filter>Shader</Filter>
    </FxCompile>
    <FxCompile Include="PhongVSNormalMap.hlsl">
      <Filter>Shader</Filter>
    </FxCompile>
    <FxCompile Include="PhongPSSpecNormalMap.hlsl">
      <Filter>Shader</Filter>
    </FxCompile>
    <FxCompile Include="PhongPSNormalMapObjSpace.hlsl">
      <Filter>Shader</Filter>
    </FxCompile>
    <FxCompile Include="PhongPSNotex.hlsl">
      <Filter>Shader</Filter>
    </FxCompile>
    <FxCompile Include="PhongVSNotex.hlsl">
      <Filter>Shader</Filter>
    </FxCompile>
    <FxCompile Include="ShaderOps.hlsl">
      <Filter>Shader</Filter>
    </FxCompile>
    <FxCompile Include="PointLight.hlsl">
      <Filter>Shader</Filter>
    </FxCompile>
    <FxCompile Include="LightVectorData.hlsl">
      <Filter>Shader</Filter>
    </FxCompile>
    <FxCompile Include="Transform.hlsl">
      <Filter>Shader</Filter>
    </FxCompile>
    <FxCompile Include="PhongPSSpec.hlsl">
      <Filter>Shader</Filter>
    </FxCompile>
    <FxCompile Include="PhongPSSpecNormMask.hlsl">
      <Filter>Shader</Filter>
    </FxCompile>
    <FxCompile Include="PhongPSCel.hlsl">
      <Filter>Shader</Filter>
    </FxCompile>
  </ItemGroup>
</Project>